
Microsoft Visual Studio Solution File, Format Version 12.00
# Visual Studio Version 17
VisualStudioVersion = 17.0.31903.59
MinimumVisualStudioVersion = 10.0.40219.1
Project("{FAE04EC0-301F-11D3-BF4B-00C04F79EFBC}") = "FormBuilderAPI", "FormBuilderApi\FormBuilderAPI.csproj", "{1D4ADD4D-9897-4C90-80D5-564D984AE115}"
EndProject
Project("{2150E333-8FDC-42A3-9474-1A3956D46DE8}") = "tests", "tests", "{308E823F-5DD8-46EE-B718-6568D89108FD}"
EndProject
Project("{FAE04EC0-301F-11D3-BF4B-00C04F79EFBC}") = "FormBuilderAPI.UnitTests", "tests\FormBuilderAPI.UnitTests\FormBuilderAPI.UnitTests.csproj", "{93500C25-69CA-4DFD-BC6D-6FD2F518B38F}"
EndProject
Global
	GlobalSection(SolutionConfigurationPlatforms) = preSolution
		Debug|Any CPU = Debug|Any CPU
		Release|Any CPU = Release|Any CPU
	EndGlobalSection
	GlobalSection(SolutionProperties) = preSolution
		HideSolutionNode = FALSE
	EndGlobalSection
	GlobalSection(ProjectConfigurationPlatforms) = postSolution
		{1D4ADD4D-9897-4C90-80D5-564D984AE115}.Debug|Any CPU.ActiveCfg = Debug|Any CPU
		{1D4ADD4D-9897-4C90-80D5-564D984AE115}.Debug|Any CPU.Build.0 = Debug|Any CPU
		{1D4ADD4D-9897-4C90-80D5-564D984AE115}.Release|Any CPU.ActiveCfg = Release|Any CPU
		{1D4ADD4D-9897-4C90-80D5-564D984AE115}.Release|Any CPU.Build.0 = Release|Any CPU
		{93500C25-69CA-4DFD-BC6D-6FD2F518B38F}.Debug|Any CPU.ActiveCfg = Debug|Any CPU
		{93500C25-69CA-4DFD-BC6D-6FD2F518B38F}.Debug|Any CPU.Build.0 = Debug|Any CPU
		{93500C25-69CA-4DFD-BC6D-6FD2F518B38F}.Release|Any CPU.ActiveCfg = Release|Any CPU
		{93500C25-69CA-4DFD-BC6D-6FD2F518B38F}.Release|Any CPU.Build.0 = Release|Any CPU
	EndGlobalSection
	GlobalSection(NestedProjects) = preSolution
		{93500C25-69CA-4DFD-BC6D-6FD2F518B38F} = {308E823F-5DD8-46EE-B718-6568D89108FD}
	EndGlobalSection
EndGlobal
